{
  "version": 4,
  "terraform_version": "1.0.8",
  "serial": 3,
  "lineage": "6e1b676f-393d-8f4e-f282-88e74a369f99",
  "outputs": {},
  "resources": [
    {
      "mode": "managed",
      "type": "aws_elastic_beanstalk_application",
      "name": "elasticapp",
      "provider": "provider[\"registry.terraform.io/hashicorp/aws\"]",
      "instances": [
        {
          "schema_version": 0,
          "attributes": {
            "appversion_lifecycle": [],
            "arn": "arn:aws:elasticbeanstalk:eu-west-2:965403657359:application/myapp",
            "description": "",
            "id": "myapp",
            "name": "myapp",
            "tags": null,
            "tags_all": {}
          },
          "sensitive_attributes": [],
          "private": "bnVsbA=="
        }
      ]
    }
  ]
}
